
Microsoft Visual Studio Solution File, Format Version 12.00
# Visual Studio Version 16
VisualStudioVersion = 16.0.29411.108
MinimumVisualStudioVersion = 10.0.40219.1
Project("{FAE04EC0-301F-11D3-BF4B-00C04F79EFBC}") = "SecretSantaPairer", "SecretSantaPairer\SecretSantaPairer.csproj", "{149A3C58-C811-464C-AC6A-93699FD0EDF1}"
EndProject
Global
	GlobalSection(SolutionConfigurationPlatforms) = preSolution
		Debug|Any CPU = Debug|Any CPU
		Release|Any CPU = Release|Any CPU
	EndGlobalSection
	GlobalSection(ProjectConfigurationPlatforms) = postSolution
		{149A3C58-C811-464C-AC6A-93699FD0EDF1}.Debug|Any CPU.ActiveCfg = Debug|Any CPU
		{149A3C58-C811-464C-AC6A-93699FD0EDF1}.Debug|Any CPU.Build.0 = Debug|Any CPU
		{149A3C58-C811-464C-AC6A-93699FD0EDF1}.Release|Any CPU.ActiveCfg = Release|Any CPU
		{149A3C58-C811-464C-AC6A-93699FD0EDF1}.Release|Any CPU.Build.0 = Release|Any CPU
	EndGlobalSection
	GlobalSection(SolutionProperties) = preSolution
		HideSolutionNode = FALSE
	EndGlobalSection
	GlobalSection(ExtensibilityGlobals) = postSolution
		SolutionGuid = {C600764F-6C3C-436E-9FA5-8EE63EA3DC6A}
	EndGlobalSection
EndGlobal
